
Microsoft Visual Studio Solution File, Format Version 12.00
# Visual Studio Version 16
VisualStudioVersion = 16.0.32802.440
MinimumVisualStudioVersion = 10.0.40219.1
Project("{FAE04EC0-301F-11D3-BF4B-00C04F79EFBC}") = "ArrayseListas", "ArrayseListas\ArrayseListas.csproj", "{17055862-1DDD-4BF7-9F0B-836B9F4B2455}"
EndProject
Project("{FAE04EC0-301F-11D3-BF4B-00C04F79EFBC}") = "ArraysListasMetodos", "ArraysListasMetodos\ArraysListasMetodos.csproj", "{B52C0335-9DCB-41BA-B198-133A960D8646}"
EndProject
Global
	GlobalSection(SolutionConfigurationPlatforms) = preSolution
		Debug|Any CPU = Debug|Any CPU
		Release|Any CPU = Release|Any CPU
	EndGlobalSection
	GlobalSection(ProjectConfigurationPlatforms) = postSolution
		{17055862-1DDD-4BF7-9F0B-836B9F4B2455}.Debug|Any CPU.ActiveCfg = Debug|Any CPU
		{17055862-1DDD-4BF7-9F0B-836B9F4B2455}.Debug|Any CPU.Build.0 = Debug|Any CPU
		{17055862-1DDD-4BF7-9F0B-836B9F4B2455}.Release|Any CPU.ActiveCfg = Release|Any CPU
		{17055862-1DDD-4BF7-9F0B-836B9F4B2455}.Release|Any CPU.Build.0 = Release|Any CPU
		{B52C0335-9DCB-41BA-B198-133A960D8646}.Debug|Any CPU.ActiveCfg = Debug|Any CPU
		{B52C0335-9DCB-41BA-B198-133A960D8646}.Debug|Any CPU.Build.0 = Debug|Any CPU
		{B52C0335-9DCB-41BA-B198-133A960D8646}.Release|Any CPU.ActiveCfg = Release|Any CPU
		{B52C0335-9DCB-41BA-B198-133A960D8646}.Release|Any CPU.Build.0 = Release|Any CPU
	EndGlobalSection
	GlobalSection(SolutionProperties) = preSolution
		HideSolutionNode = FALSE
	EndGlobalSection
	GlobalSection(ExtensibilityGlobals) = postSolution
		SolutionGuid = {5C507380-1053-4625-A1E1-E58CA17CBD34}
	EndGlobalSection
EndGlobal
